Microsoft Visual Studio Solution File, Format Version 12.00
# Visual Studio Version 17
VisualStudioVersion = 17.0.31903.59
MinimumVisualStudioVersion = 10.0.40219.1
Project("{2150E333-8FDC-42A3-9474-1A3956D46DE8}") = "src", "src", "{D89C1E3D-B1D6-4C96-A7D4-8F29157E9001}"
EndProject
Project("{FAE04EC0-301F-11D3-BF4B-00C04F79EFBC}") = "CartonCaps.Api", "src\CartonCaps.Api\CartonCaps.Api.csproj", "{1234ABCD-1234-1234-1234-123456789ABC}"
EndProject
Project("{2150E333-8FDC-42A3-9474-1A3956D46DE8}") = "tests", "tests", "{5678EFGH-5678-5678-5678-567890123456}"
EndProject
Project("{FAE04EC0-301F-11D3-BF4B-00C04F79EFBC}") = "CartonCaps.Api.Tests", "tests\CartonCaps.Api.Tests\CartonCaps.Api.Tests.csproj", "{9012IJKL-9012-9012-9012-901234567890}"
EndProject
Global
	GlobalSection(SolutionConfigurationPlatforms) = preSolution
		Debug|Any CPU = Debug|Any CPU
		Release|Any CPU = Release|Any CPU
	EndGlobalSection
	GlobalSection(SolutionProperties) = preSolution
		HideSolutionNode = FALSE
	EndGlobalSection
	GlobalSection(ProjectConfigurationPlatforms) = postSolution
		{1234ABCD-1234-1234-1234-123456789ABC}.Debug|Any CPU.ActiveCfg = Debug|Any CPU
		{1234ABCD-1234-1234-1234-123456789ABC}.Debug|Any CPU.Build.0 = Debug|Any CPU
		{1234ABCD-1234-1234-1234-123456789ABC}.Release|Any CPU.ActiveCfg = Release|Any CPU
		{1234ABCD-1234-1234-1234-123456789ABC}.Release|Any CPU.Build.0 = Release|Any CPU
		{9012IJKL-9012-9012-9012-901234567890}.Debug|Any CPU.ActiveCfg = Debug|Any CPU
		{9012IJKL-9012-9012-9012-901234567890}.Debug|Any CPU.Build.0 = Debug|Any CPU
		{9012IJKL-9012-9012-9012-901234567890}.Release|Any CPU.ActiveCfg = Release|Any CPU
		{9012IJKL-9012-9012-9012-901234567890}.Release|Any CPU.Build.0 = Release|Any CPU
	EndGlobalSection
	GlobalSection(NestedProjects) = preSolution
		{1234ABCD-1234-1234-1234-123456789ABC} = {D89C1E3D-B1D6-4C96-A7D4-8F29157E9001}
		{9012IJKL-9012-9012-9012-901234567890} = {5678EFGH-5678-5678-5678-567890123456}
	EndGlobalSection
EndGlobal
